
Microsoft Visual Studio Solution File, Format Version 12.00
# Visual Studio Version 16
VisualStudioVersion = 16.0.29409.12
MinimumVisualStudioVersion = 10.0.40219.1
Project("{FAE04EC0-301F-11D3-BF4B-00C04F79EFBC}") = "Tischrechner", "Tischrechner\Tischrechner.csproj", "{95FB3E6B-43C2-48CE-9B8F-DF59BB249428}"
EndProject
Global
	GlobalSection(SolutionConfigurationPlatforms) = preSolution
		Debug|Any CPU = Debug|Any CPU
		Release|Any CPU = Release|Any CPU
	EndGlobalSection
	GlobalSection(ProjectConfigurationPlatforms) = postSolution
		{95FB3E6B-43C2-48CE-9B8F-DF59BB249428}.Debug|Any CPU.ActiveCfg = Debug|Any CPU
		{95FB3E6B-43C2-48CE-9B8F-DF59BB249428}.Debug|Any CPU.Build.0 = Debug|Any CPU
		{95FB3E6B-43C2-48CE-9B8F-DF59BB249428}.Release|Any CPU.ActiveCfg = Release|Any CPU
		{95FB3E6B-43C2-48CE-9B8F-DF59BB249428}.Release|Any CPU.Build.0 = Release|Any CPU
	EndGlobalSection
	GlobalSection(SolutionProperties) = preSolution
		HideSolutionNode = FALSE
	EndGlobalSection
	GlobalSection(ExtensibilityGlobals) = postSolution
		SolutionGuid = {D059BDEC-F70A-4C43-A0C5-A64A4B8C6A7A}
	EndGlobalSection
EndGlobal
